Microsoft Visual Studio Solution File, Format Version 8.00
Project("{8BC9CEB8-8B4A-11D0-8D11-00A0C91BC942}") = "Tor", "Tor.vcproj", "{63A6B170-E742-400C-B3A0-9CCED3699043}"
	ProjectSection(ProjectDependencies) = postProject
		{E2D2762A-26BD-4A28-BD72-DDAB181324B4} = {E2D2762A-26BD-4A28-BD72-DDAB181324B4}
		{82900092-DA40-433A-8F46-A3F3959D6081} = {82900092-DA40-433A-8F46-A3F3959D6081}
		{F1F64693-11A9-4992-8B4B-2A67C07BD8C8} = {F1F64693-11A9-4992-8B4B-2A67C07BD8C8}
	EndProjectSection
EndProject
Project("{8BC9CEB8-8B4A-11D0-8D11-00A0C91BC942}") = "tor_resolve", "..\tor_resolve\tor_resolve.vcproj", "{E2D2762A-26BD-4A28-BD72-DDAB181324B4}"
	ProjectSection(ProjectDependencies) = postProject
	EndProjectSection
EndProject
Project("{8BC9CEB8-8B4A-11D0-8D11-00A0C91BC942}") = "unittests", "..\unittests\unittests.vcproj", "{F1F64693-11A9-4992-8B4B-2A67C07BD8C8}"
	ProjectSection(ProjectDependencies) = postProject
		{82900092-DA40-433A-8F46-A3F3959D6081} = {82900092-DA40-433A-8F46-A3F3959D6081}
	EndProjectSection
EndProject
Project("{8BC9CEB8-8B4A-11D0-8D11-00A0C91BC942}") = "zlib", "..\..\..\contrib\zlib-1.2.3\projects\visualc6\zlib.vcproj", "{82900092-DA40-433A-8F46-A3F3959D6081}"
	ProjectSection(ProjectDependencies) = postProject
	EndProjectSection
EndProject
Project("{8BC9CEB8-8B4A-11D0-8D11-00A0C91BC942}") = "gencert", "..\gencert\gencert.vcproj", "{6B678436-2380-4CC4-A16D-EE3779858C85}"
	ProjectSection(ProjectDependencies) = postProject
	EndProjectSection
EndProject
Project("{8BC9CEB8-8B4A-11D0-8D11-00A0C91BC942}") = "libevent", "..\..\..\contrib\libevent-1.4.12-stable\WIN32-Prj\libevent.vcproj", "{FB60EC22-615D-4ECC-89D3-5D64DF8D4DE2}"
	ProjectSection(ProjectDependencies) = postProject
	EndProjectSection
EndProject
Global
	GlobalSection(SolutionConfiguration) = preSolution
		Debug = Debug
		libtorrent_build_MD = libtorrent_build_MD
		Release = Release
	EndGlobalSection
	GlobalSection(ProjectDependencies) = postSolution
	EndGlobalSection
	GlobalSection(ProjectConfiguration) = postSolution
		{63A6B170-E742-400C-B3A0-9CCED3699043}.Debug.ActiveCfg = Debug|Win32
		{63A6B170-E742-400C-B3A0-9CCED3699043}.Debug.Build.0 = Debug|Win32
		{63A6B170-E742-400C-B3A0-9CCED3699043}.libtorrent_build_MD.ActiveCfg = Release|Win32
		{63A6B170-E742-400C-B3A0-9CCED3699043}.libtorrent_build_MD.Build.0 = Release|Win32
		{63A6B170-E742-400C-B3A0-9CCED3699043}.Release.ActiveCfg = Release|Win32
		{63A6B170-E742-400C-B3A0-9CCED3699043}.Release.Build.0 = Release|Win32
		{E2D2762A-26BD-4A28-BD72-DDAB181324B4}.Debug.ActiveCfg = Debug|Win32
		{E2D2762A-26BD-4A28-BD72-DDAB181324B4}.Debug.Build.0 = Debug|Win32
		{E2D2762A-26BD-4A28-BD72-DDAB181324B4}.libtorrent_build_MD.ActiveCfg = Release|Win32
		{E2D2762A-26BD-4A28-BD72-DDAB181324B4}.libtorrent_build_MD.Build.0 = Release|Win32
		{E2D2762A-26BD-4A28-BD72-DDAB181324B4}.Release.ActiveCfg = Release|Win32
		{E2D2762A-26BD-4A28-BD72-DDAB181324B4}.Release.Build.0 = Release|Win32
		{F1F64693-11A9-4992-8B4B-2A67C07BD8C8}.Debug.ActiveCfg = Debug|Win32
		{F1F64693-11A9-4992-8B4B-2A67C07BD8C8}.Debug.Build.0 = Debug|Win32
		{F1F64693-11A9-4992-8B4B-2A67C07BD8C8}.libtorrent_build_MD.ActiveCfg = Release|Win32
		{F1F64693-11A9-4992-8B4B-2A67C07BD8C8}.libtorrent_build_MD.Build.0 = Release|Win32
		{F1F64693-11A9-4992-8B4B-2A67C07BD8C8}.Release.ActiveCfg = Release|Win32
		{F1F64693-11A9-4992-8B4B-2A67C07BD8C8}.Release.Build.0 = Release|Win32
		{82900092-DA40-433A-8F46-A3F3959D6081}.Debug.ActiveCfg = LIB Debug|Win32
		{82900092-DA40-433A-8F46-A3F3959D6081}.Debug.Build.0 = LIB Debug|Win32
		{82900092-DA40-433A-8F46-A3F3959D6081}.libtorrent_build_MD.ActiveCfg = LIB ASM Release|Win32
		{82900092-DA40-433A-8F46-A3F3959D6081}.libtorrent_build_MD.Build.0 = LIB ASM Release|Win32
		{82900092-DA40-433A-8F46-A3F3959D6081}.Release.ActiveCfg = LIB ASM Release|Win32
		{82900092-DA40-433A-8F46-A3F3959D6081}.Release.Build.0 = LIB ASM Release|Win32
		{6B678436-2380-4CC4-A16D-EE3779858C85}.Debug.ActiveCfg = Debug|Win32
		{6B678436-2380-4CC4-A16D-EE3779858C85}.Debug.Build.0 = Debug|Win32
		{6B678436-2380-4CC4-A16D-EE3779858C85}.libtorrent_build_MD.ActiveCfg = Release|Win32
		{6B678436-2380-4CC4-A16D-EE3779858C85}.libtorrent_build_MD.Build.0 = Release|Win32
		{6B678436-2380-4CC4-A16D-EE3779858C85}.Release.ActiveCfg = Release|Win32
		{6B678436-2380-4CC4-A16D-EE3779858C85}.Release.Build.0 = Release|Win32
		{FB60EC22-615D-4ECC-89D3-5D64DF8D4DE2}.Debug.ActiveCfg = Debug|Win32
		{FB60EC22-615D-4ECC-89D3-5D64DF8D4DE2}.Debug.Build.0 = Debug|Win32
		{FB60EC22-615D-4ECC-89D3-5D64DF8D4DE2}.libtorrent_build_MD.ActiveCfg = Release|Win32
		{FB60EC22-615D-4ECC-89D3-5D64DF8D4DE2}.libtorrent_build_MD.Build.0 = Release|Win32
		{FB60EC22-615D-4ECC-89D3-5D64DF8D4DE2}.Release.ActiveCfg = Release|Win32
		{FB60EC22-615D-4ECC-89D3-5D64DF8D4DE2}.Release.Build.0 = Release|Win32
	EndGlobalSection
	GlobalSection(ExtensibilityGlobals) = postSolution
	EndGlobalSection
	GlobalSection(ExtensibilityAddIns) = postSolution
	EndGlobalSection
EndGlobal
